{
  "name": "npm-learn",
  "version": "1.0.0",
  "lockfileVersion": 3,
  "requires": true,
  "packages": {
    "": {
      "name": "npm-learn",
      "version": "1.0.0",
      "license": "ISC",
      "dependencies": {
        "express": "^4.19.2",
        "lodash-master": "github:lodash/lodash#amd"
      },
      "devDependencies": {
        "eslint": "^9.9.1"
      }
    },
    "node_modules/@eslint-community/eslint-utils": {
      "version": "4.4.0",
      "resolved": "https://registry.npmjs.org/@eslint-community/eslint-utils/-/eslint-utils-4.4.0.tgz",
      "integrity": "sha512-1/sA4dwrzBAyeUoQ6oxahHKmrZvsnLCg4RfxW3ZFGGmQkSNQPFNLV9CUEFQP1x9EYXHTo5p6xdhZM1Ne9p/AfA==",
      "dev": true,
      "dependencies": {
        "eslint-visitor-keys": "^3.3.0"
      },
      "engines": {
        "node": "^12.22.0 || ^14.17.0 || >=16.0.0"
      },
      "peerDependencies": {
        "eslint": "^6.0.0 || ^7.0.0 || >=8.0.0"
      }
    },
    "node_modules/@eslint-community/eslint-utils/node_modules/eslint-visitor-keys": {
      "version": "3.4.3",
      "resolved": "https://registry.npmjs.org/eslint-visitor-keys/-/eslint-visitor-keys-3.4.3.tgz",
      "integrity": "sha512-wpc+LXeiyiisxPlEkUzU6svyS1frIO3Mgxj1fdy7Pm8Ygzguax2N3Fa/D/ag1WqbOprdI+uY6wMUl8/a2G+iag==",
      "dev": true,
      "engines": {
        "node": "^12.22.0 || ^14.17.0 || >=16.0.0"
      },
      "funding": {
        "url": "https://opencollective.com/eslint"
      }
    },
    "node_modules/@eslint-community/regexpp": {
      "version": "4.11.0",
      "resolved": "https://registry.npmjs.org/@eslint-community/regexpp/-/regexpp-4.11.0.tgz",
      "integrity": "sha512-G/M/tIiMrTAxEWRfLfQJMmGNX28IxBg4PBz8XqQhqUHLFI6TL2htpIB1iQCj144V5ee/JaKyT9/WZ0MGZWfA7A==",
      "dev": true,
      "engines": {
        "node": "^12.0.0 || ^14.0.0 || >=16.0.0"
      }
    },
    "node_modules/@eslint/config-array": {
      "version": "0.18.0",
      "resolved": "https://registry.npmjs.org/@eslint/config-array/-/config-array-0.18.0.tgz",
      "integrity": "sha512-fTxvnS1sRMu3+JjXwJG0j/i4RT9u4qJ+lqS/yCGap4lH4zZGzQ7tu+xZqQmcMZq5OBZDL4QRxQzRjkWcGt8IVw==",
      "dev": true,
      "dependencies": {
        "@eslint/object-schema": "^2.1.4",
        "debug": "^4.3.1",
        "minimatch": "^3.1.2"
      },
      "engines": {
        "node": "^18.18.0 || ^20.9.0 || >=21.1.0"
      }
    }
  }
}
